
Microsoft Visual Studio Solution File, Format Version 12.00
# Visual Studio Version 17
VisualStudioVersion = 17.14.36202.13
MinimumVisualStudioVersion = 10.0.40219.1
Project("{2150E333-8FDC-42A3-9474-1A3956D46DE8}") = "Test", "Test", "{C8D5274F-AC00-46C7-1F8D-E88E81087A52}"
EndProject
Project("{FAE04EC0-301F-11D3-BF4B-00C04F79EFBC}") = "Container", "Container\Container.csproj", "{3D9835AD-1F8D-4F82-9ED2-23147FD8549B}"
EndProject
Project("{FAE04EC0-301F-11D3-BF4B-00C04F79EFBC}") = "Container_Test", "Test\Container_Test\Container_Test.csproj", "{8BFE01A0-68F8-4A4E-B105-D82DC9C857A8}"
EndProject
Project("{FAE04EC0-301F-11D3-BF4B-00C04F79EFBC}") = "CodeTest", "Test\CodeTest\CodeTest.csproj", "{50435146-02FE-4379-833C-14648E8EC834}"
EndProject
Project("{2150E333-8FDC-42A3-9474-1A3956D46DE8}") = "Domain", "Domain", "{61CD2D25-5426-4190-B992-6A9AFE626882}"
EndProject
Project("{2150E333-8FDC-42A3-9474-1A3956D46DE8}") = "Business", "Business", "{A53DD8CD-D321-4FD9-BDBB-8BB553D709B2}"
EndProject
Project("{2150E333-8FDC-42A3-9474-1A3956D46DE8}") = "Feature", "Feature", "{C877D508-1E41-4420-9A7E-3B509D13C481}"
EndProject
Project("{2150E333-8FDC-42A3-9474-1A3956D46DE8}") = "Platform", "Platform", "{263EC137-0920-4CF3-AE20-262A0762B966}"
EndProject
Project("{2150E333-8FDC-42A3-9474-1A3956D46DE8}") = "Executor", "Executor", "{68CD030F-610E-4169-8696-932DA0C74D91}"
EndProject
Project("{FAE04EC0-301F-11D3-BF4B-00C04F79EFBC}") = "ProcessService", "Domain\ProcessService\ProcessService.csproj", "{4CD52718-8B02-4E10-BB05-71EE2C52A3A8}"
EndProject
Project("{2150E333-8FDC-42A3-9474-1A3956D46DE8}") = "Test", "Test", "{0D30820D-49CE-442C-987F-16CCBB7CDFFC}"
EndProject
Project("{FAE04EC0-301F-11D3-BF4B-00C04F79EFBC}") = "ProcessServiceTest", "Domain\Test\ProcessServiceTest\ProcessServiceTest.csproj", "{6678FF52-0FA0-25D5-5393-1A17EE144D23}"
EndProject
Global
	GlobalSection(SolutionConfigurationPlatforms) = preSolution
		Debug|Any CPU = Debug|Any CPU
		Release|Any CPU = Release|Any CPU
	EndGlobalSection
	GlobalSection(ProjectConfigurationPlatforms) = postSolution
		{3D9835AD-1F8D-4F82-9ED2-23147FD8549B}.Debug|Any CPU.ActiveCfg = Debug|Any CPU
		{3D9835AD-1F8D-4F82-9ED2-23147FD8549B}.Debug|Any CPU.Build.0 = Debug|Any CPU
		{3D9835AD-1F8D-4F82-9ED2-23147FD8549B}.Release|Any CPU.ActiveCfg = Release|Any CPU
		{3D9835AD-1F8D-4F82-9ED2-23147FD8549B}.Release|Any CPU.Build.0 = Release|Any CPU
		{8BFE01A0-68F8-4A4E-B105-D82DC9C857A8}.Debug|Any CPU.ActiveCfg = Debug|Any CPU
		{8BFE01A0-68F8-4A4E-B105-D82DC9C857A8}.Debug|Any CPU.Build.0 = Debug|Any CPU
		{8BFE01A0-68F8-4A4E-B105-D82DC9C857A8}.Release|Any CPU.ActiveCfg = Release|Any CPU
		{8BFE01A0-68F8-4A4E-B105-D82DC9C857A8}.Release|Any CPU.Build.0 = Release|Any CPU
		{50435146-02FE-4379-833C-14648E8EC834}.Debug|Any CPU.ActiveCfg = Debug|Any CPU
		{50435146-02FE-4379-833C-14648E8EC834}.Debug|Any CPU.Build.0 = Debug|Any CPU
		{50435146-02FE-4379-833C-14648E8EC834}.Release|Any CPU.ActiveCfg = Release|Any CPU
		{50435146-02FE-4379-833C-14648E8EC834}.Release|Any CPU.Build.0 = Release|Any CPU
		{4CD52718-8B02-4E10-BB05-71EE2C52A3A8}.Debug|Any CPU.ActiveCfg = Debug|Any CPU
		{4CD52718-8B02-4E10-BB05-71EE2C52A3A8}.Debug|Any CPU.Build.0 = Debug|Any CPU
		{4CD52718-8B02-4E10-BB05-71EE2C52A3A8}.Release|Any CPU.ActiveCfg = Release|Any CPU
		{4CD52718-8B02-4E10-BB05-71EE2C52A3A8}.Release|Any CPU.Build.0 = Release|Any CPU
		{6678FF52-0FA0-25D5-5393-1A17EE144D23}.Debug|Any CPU.ActiveCfg = Debug|Any CPU
		{6678FF52-0FA0-25D5-5393-1A17EE144D23}.Debug|Any CPU.Build.0 = Debug|Any CPU
		{6678FF52-0FA0-25D5-5393-1A17EE144D23}.Release|Any CPU.ActiveCfg = Release|Any CPU
		{6678FF52-0FA0-25D5-5393-1A17EE144D23}.Release|Any CPU.Build.0 = Release|Any CPU
	EndGlobalSection
	GlobalSection(SolutionProperties) = preSolution
		HideSolutionNode = FALSE
	EndGlobalSection
	GlobalSection(NestedProjects) = preSolution
		{3D9835AD-1F8D-4F82-9ED2-23147FD8549B} = {C8D5274F-AC00-46C7-1F8D-E88E81087A52}
		{8BFE01A0-68F8-4A4E-B105-D82DC9C857A8} = {C8D5274F-AC00-46C7-1F8D-E88E81087A52}
		{50435146-02FE-4379-833C-14648E8EC834} = {C8D5274F-AC00-46C7-1F8D-E88E81087A52}
		{4CD52718-8B02-4E10-BB05-71EE2C52A3A8} = {61CD2D25-5426-4190-B992-6A9AFE626882}
		{0D30820D-49CE-442C-987F-16CCBB7CDFFC} = {61CD2D25-5426-4190-B992-6A9AFE626882}
		{6678FF52-0FA0-25D5-5393-1A17EE144D23} = {0D30820D-49CE-442C-987F-16CCBB7CDFFC}
	EndGlobalSection
	GlobalSection(ExtensibilityGlobals) = postSolution
		SolutionGuid = {737FDD13-4818-4406-BB28-CF55B7FFCF22}
	EndGlobalSection
EndGlobal
